
Microsoft Visual Studio Solution File, Format Version 12.00
# Visual Studio Version 17
VisualStudioVersion = 17.7.34202.233
MinimumVisualStudioVersion = 10.0.40219.1
Project("{FAE04EC0-301F-11D3-BF4B-00C04F79EFBC}") = "kt25", "kt25\kt25.csproj", "{E4CE8DFA-CD46-4846-8988-5C147CD8B9E4}"
EndProject
Global
	GlobalSection(SolutionConfigurationPlatforms) = preSolution
		Debug|Any CPU = Debug|Any CPU
		Release|Any CPU = Release|Any CPU
	EndGlobalSection
	GlobalSection(ProjectConfigurationPlatforms) = postSolution
		{E4CE8DFA-CD46-4846-8988-5C147CD8B9E4}.Debug|Any CPU.ActiveCfg = Debug|Any CPU
		{E4CE8DFA-CD46-4846-8988-5C147CD8B9E4}.Debug|Any CPU.Build.0 = Debug|Any CPU
		{E4CE8DFA-CD46-4846-8988-5C147CD8B9E4}.Release|Any CPU.ActiveCfg = Release|Any CPU
		{E4CE8DFA-CD46-4846-8988-5C147CD8B9E4}.Release|Any CPU.Build.0 = Release|Any CPU
	EndGlobalSection
	GlobalSection(SolutionProperties) = preSolution
		HideSolutionNode = FALSE
	EndGlobalSection
	GlobalSection(ExtensibilityGlobals) = postSolution
		SolutionGuid = {805FD0E5-BB93-42A1-93E8-ED5C98E85371}
	EndGlobalSection
EndGlobal
