
Microsoft Visual Studio Solution File, Format Version 12.00
# Visual Studio Version 17
VisualStudioVersion = 17.7.34202.233
MinimumVisualStudioVersion = 10.0.40219.1
Project("{FAE04EC0-301F-11D3-BF4B-00C04F79EFBC}") = "kt29", "kt29\kt29.csproj", "{1F65D4B5-0166-4B62-8FC8-CD75487C7ACE}"
EndProject
Global
	GlobalSection(SolutionConfigurationPlatforms) = preSolution
		Debug|Any CPU = Debug|Any CPU
		Release|Any CPU = Release|Any CPU
	EndGlobalSection
	GlobalSection(ProjectConfigurationPlatforms) = postSolution
		{1F65D4B5-0166-4B62-8FC8-CD75487C7ACE}.Debug|Any CPU.ActiveCfg = Debug|Any CPU
		{1F65D4B5-0166-4B62-8FC8-CD75487C7ACE}.Debug|Any CPU.Build.0 = Debug|Any CPU
		{1F65D4B5-0166-4B62-8FC8-CD75487C7ACE}.Release|Any CPU.ActiveCfg = Release|Any CPU
		{1F65D4B5-0166-4B62-8FC8-CD75487C7ACE}.Release|Any CPU.Build.0 = Release|Any CPU
	EndGlobalSection
	GlobalSection(SolutionProperties) = preSolution
		HideSolutionNode = FALSE
	EndGlobalSection
	GlobalSection(ExtensibilityGlobals) = postSolution
		SolutionGuid = {3307AE62-E8C3-4353-ACB4-6557C8121DD7}
	EndGlobalSection
EndGlobal
